{
    "version": 3,
    "terraform_version": "0.11.2",
    "serial": 4,
    "lineage": "9a2604d3-a78b-462f-93ba-bcc65aa22e54",
    "modules": [
        {
            "path": [
                "root"
            ],
            "outputs": {},
            "resources": {
                "aws_autoscaling_group.rtbroker": {
                    "type": "aws_autoscaling_group",
                    "depends_on": [
                        "aws_launch_configuration.rtbroker"
                    ],
                    "primary": {
                        "id": "rtbroker",
                        "attributes": {
                            "arn": "arn:aws:autoscaling:ap-northeast-2:912431869902:autoScalingGroup:f3611927-db58-4c67-b1ce-ab9decd1a640:autoScalingGroupName/rtbroker",
                            "availability_zones.#": "2",
                            "availability_zones.3418384093": "ap-northeast-2a",
                            "availability_zones.634259441": "ap-northeast-2c",
                            "default_cooldown": "300",
                            "desired_capacity": "0",
                            "force_delete": "true",
                            "health_check_grace_period": "300",
                            "health_check_type": "EC2",
                            "id": "rtbroker",
                            "launch_configuration": "terraform-20180205103125353500000002",
                            "load_balancers.#": "0",
                            "max_size": "2",
                            "metrics_granularity": "1Minute",
                            "min_size": "0",
                            "name": "rtbroker",
                            "placement_group": "",
                            "protect_from_scale_in": "false",
                            "suspended_processes.#": "0",
                            "tag.#": "1",
                            "tag.706257829.key": "Name",
                            "tag.706257829.propagate_at_launch": "true",
                            "tag.706257829.value": "rtbroker",
                            "target_group_arns.#": "0",
                            "termination_policies.#": "0",
                            "vpc_zone_identifier.#": "0",
                            "wait_for_capacity_timeout": "10m"
                        },
                        "meta": {
                            "e2bfb730-ecaa-11e6-8f88-34363bc7c4c0": {
                                "delete": 600000000000
                            }
                        },
                        "tainted": false
                    },
                    "deposed": [],
                    "provider": "provider.aws"
                },
                "aws_iam_instance_profile.rtbroker_profile": {
                    "type": "aws_iam_instance_profile",
                    "depends_on": [],
                    "primary": {
                        "id": "terraform-20180205103119443900000001",
                        "attributes": {
                            "arn": "arn:aws:iam::912431869902:instance-profile/terraform-20180205103119443900000001",
                            "id": "terraform-20180205103119443900000001",
                            "name": "terraform-20180205103119443900000001",
                            "path": "/",
                            "role": "rtserver-role",
                            "roles.#": "0",
                            "unique_id": "AIPAJTGDCJK3LXMZY6SLC"
                        },
                        "meta": {},
                        "tainted": false
                    },
                    "deposed": [],
                    "provider": "provider.aws"
                },
                "aws_launch_configuration.rtbroker": {
                    "type": "aws_launch_configuration",
                    "depends_on": [
                        "aws_iam_instance_profile.rtbroker_profile",
                        "aws_security_group.rtbroker"
                    ],
                    "primary": {
                        "id": "terraform-20180205103125353500000002",
                        "attributes": {
                            "associate_public_ip_address": "false",
                            "ebs_block_device.#": "0",
                            "ebs_optimized": "false",
                            "enable_monitoring": "true",
                            "ephemeral_block_device.#": "0",
                            "iam_instance_profile": "terraform-20180205103119443900000001",
                            "id": "terraform-20180205103125353500000002",
                            "image_id": "ami-6ec76500",
                            "instance_type": "t2.medium",
                            "key_name": "rtserverkey",
                            "name": "terraform-20180205103125353500000002",
                            "root_block_device.#": "0",
                            "security_groups.#": "1",
                            "security_groups.3411620318": "sg-e68dc08d",
                            "spot_price": "",
                            "user_data": "147f0fb2614790c2b83d23511e4536d76aaba611",
                            "vpc_classic_link_id": "",
                            "vpc_classic_link_security_groups.#": "0"
                        },
                        "meta": {},
                        "tainted": false
                    },
                    "deposed": [],
                    "provider": "provider.aws"
                },
                "aws_security_group.rtbroker": {
                    "type": "aws_security_group",
                    "depends_on": [],
                    "primary": {
                        "id": "sg-e68dc08d",
                        "attributes": {
                            "description": "Used in the terraform",
                            "egress.#": "1",
                            "egress.482069346.cidr_blocks.#": "1",
                            "egress.482069346.cidr_blocks.0": "0.0.0.0/0",
                            "egress.482069346.description": "",
                            "egress.482069346.from_port": "0",
                            "egress.482069346.ipv6_cidr_blocks.#": "0",
                            "egress.482069346.prefix_list_ids.#": "0",
                            "egress.482069346.protocol": "-1",
                            "egress.482069346.security_groups.#": "0",
                            "egress.482069346.self": "false",
                            "egress.482069346.to_port": "0",
                            "id": "sg-e68dc08d",
                            "ingress.#": "2",
                            "ingress.2541437006.cidr_blocks.#": "1",
                            "ingress.2541437006.cidr_blocks.0": "0.0.0.0/0",
                            "ingress.2541437006.description": "",
                            "ingress.2541437006.from_port": "22",
                            "ingress.2541437006.ipv6_cidr_blocks.#": "0",
                            "ingress.2541437006.protocol": "tcp",
                            "ingress.2541437006.security_groups.#": "0",
                            "ingress.2541437006.self": "false",
                            "ingress.2541437006.to_port": "22",
                            "ingress.433339597.cidr_blocks.#": "1",
                            "ingress.433339597.cidr_blocks.0": "0.0.0.0/0",
                            "ingress.433339597.description": "",
                            "ingress.433339597.from_port": "8888",
                            "ingress.433339597.ipv6_cidr_blocks.#": "0",
                            "ingress.433339597.protocol": "tcp",
                            "ingress.433339597.security_groups.#": "0",
                            "ingress.433339597.self": "false",
                            "ingress.433339597.to_port": "8888",
                            "name": "terraform-20180205102825286200000001",
                            "owner_id": "912431869902",
                            "revoke_rules_on_delete": "false",
                            "tags.%": "0",
                            "vpc_id": "vpc-d4d02dbc"
                        },
                        "meta": {
                            "schema_version": "1"
                        },
                        "tainted": false
                    },
                    "deposed": [],
                    "provider": "provider.aws"
                }
            },
            "depends_on": []
        }
    ]
}
